{
  "name": "APIVerse",
  "lockfileVersion": 3,
  "requires": true,
  "packages": {
    "": {
      "dependencies": {
        "@bufferhead/nightowl": "^0.0.14"
      }
    },
    "node_modules/@bufferhead/nightowl": {
      "version": "0.0.14",
      "resolved": "https://registry.npmjs.org/@bufferhead/nightowl/-/nightowl-0.0.14.tgz",
      "integrity": "sha512-cRa0AR0ojrpHTnbDlhmQ+2tlbdbfG0f96YqMp6BErzj0rA5SglLahQlDT2NGKlGZeHMqZ8zyOM/ZD2lU6aU/uA=="
    }
  }
}
