{
    "name": "github-user-finder-api",
    "version": "1.0.0",
    "lockfileVersion": 1,
    "requires": true,
    "dependencies": {
        "axios": {
            "version": "0.26.0",
            "resolved": "https://registry.npmjs.org/axios/-/axios-0.26.0.tgz",
            "integrity": "sha512-gXtNLz3QCjFvChx9G1JfH8cIFp+2u9te/nvYtFVHBJFK8jup6fV4/f6c8H+TdRf6uSGrJlNZESW2nUfbA9TLEg==",
            "dev": false,
            "requires": {
                "follow-redirects": "^1.14.5"
            }
        },
        "express": {
            "version": "4.17.2",
            "resolved": "https://registry.npmjs.org/express/-/express-4.17.2.tgz",
            "integrity": "sha512-waf2EfmeMwme3I5xT+xhIL3s+b0/CaZ/MW7m1NeqqsF6R8FukttUaNy1ZsFqDyDUuweqyM9xB+F1GBBhK5femZg==",
            "dev": false,
            "requires": {
                "accepts": "~1.3.7",
                "array-flatten": "1.1.1",
                "body-parser": "1.19.0",
                "content-disposition": "0.5.3",
                "content-type": "~1.0.4",
                "cookie": "0.4.0",
                "cookie-signature": "1.0.6",
                "debug": "2.6.9",
                "depd": "~1.1.2",
                "encodeurl": "~1.0.2",
                "escape-html": "~1.0.3",
                "etag": "~1.8.1",
                "finalhandler": "~1.1.2",
                "fresh": "0.5.2",
                "merge-descriptors": "1.0.1",
                "methods": "~1.1.2",
                "on-finished": "~2.3.0",
                "parseurl": "~1.3.3",
                "path-to-regexp": "0.1.7",
                "proxy-addr": "~2.0.6",
                "qs": "6.7.0",
                "range-parser": "~1.2.1",
                "safe-buffer": "5.2.1",
                "send": "0.17.1",
                "serve-static": "1.14.1",
                "setprototypeof": "1.1.1",
                "statuses": "~1.5.0",
                "type-is": "~1.6.18",
                "utils-merge": "1.0.1",
                "vary": "~1.1.2"
            }
        },
        "follow-redirects": {
            "version": "1.14.5",
            "resolved": "https://registry.npmjs.org/follow-redirects/-/follow-redirects-1.14.5.tgz",
            "integrity": "sha512-5O+2wzTNmkixwH3/A27NgaS5J0fX35vK5wXY4d2MEXoaa8xBPwEs9OXpENYU4qo8mP4g6LW1FCGSp97HYfukRw==",
            "dev": false
        }
    }
}