{
    "name": "spacex-explorer",
    "version": "1.0.0",
    "lockfileVersion": 1,
    "requires": true,
    "dependencies": {
      "express": {
        "version": "4.17.1",
        "resolved": "https://registry.npmjs.org/express/-/express-4.17.1.tgz",
        "integrity": "sha512-G7fYv8zS0D7ftu3gnLsOniwhgLU4k9v+1NEtFPP07/Oa8XJ51FtdUKLqIvsTcZo5ua23NO4s9Hr77BM19DOf1g=="
      },
      "node-fetch": {
        "version": "2.6.1",
        "resolved": "https://registry.npmjs.org/node-fetch/-/node-fetch-2.6.1.tgz",
        "integrity": "sha512-VTRr27C7kFTX04D5faZbO57jWhA+3vWQBB8T/LDlMjUbES0uUKU+6XoGp54LzWuKIo6OzztYLMATJ3jyCUnD0A=="
      }
    }
  }
  