{
  "name": "deepai-image-processing",
  "version": "1.0.0",
  "lockfileVersion": 1,
  "requires": true,
  "dependencies": {
    "express": {
      "version": "4.17.1",
      "resolved": "https://registry.npmjs.org/express/-/express-4.17.1.tgz",
      "integrity": "sha512-G7fYv8zS0D7ftu3gnLsOniwhgLU4k9v+1NEtFPP07/Oa8XJ51FtdUKLqIvsTcZo5ua23NO4s9Hr77BM19DOf1g=="
    }
  }
}
