{
  "name": "timezonedb-api-demo",
  "version": "1.0.0",
  "lockfileVersion": 3,
  "requires": true,
  "packages": {
    "": {
      "name": "timezonedb-api-demo",
      "version": "1.0.0",
      "license": "ISC",
      "dependencies": {
        "express": "^4.17.1",
        "timezonedb-api-demo": "file:"
      }
    },
    "node_modules/express": {
      "version": "4.17.1",
      "resolved": "https://registry.npmjs.org/express/-/express-4.17.1.tgz",
      "integrity": "sha512-G7fYv8zS0D7ftu3gnLsOniwhgLU4k9v+1NEtFPP07/Oa8XJ51FtdUKLqIvsTcZo5ua23NO4s9Hr77BM19DOf1g=="
    },
    "node_modules/timezonedb-api-demo": {
      "resolved": "",
      "link": true
    }
  }
}
